
Microsoft Visual Studio Solution File, Format Version 12.00
# Visual Studio Version 16
VisualStudioVersion = 16.0.34601.136
MinimumVisualStudioVersion = 10.0.40219.1
Project("{FAE04EC0-301F-11D3-BF4B-00C04F79EFBC}") = "Homework_8_1", "Homework_8_1\Homework_8_1.csproj", "{5868242F-E50D-4342-B137-0F502BF68370}"
EndProject
Global
	GlobalSection(SolutionConfigurationPlatforms) = preSolution
		Debug|Any CPU = Debug|Any CPU
		Release|Any CPU = Release|Any CPU
	EndGlobalSection
	GlobalSection(ProjectConfigurationPlatforms) = postSolution
		{5868242F-E50D-4342-B137-0F502BF68370}.Debug|Any CPU.ActiveCfg = Debug|Any CPU
		{5868242F-E50D-4342-B137-0F502BF68370}.Debug|Any CPU.Build.0 = Debug|Any CPU
		{5868242F-E50D-4342-B137-0F502BF68370}.Release|Any CPU.ActiveCfg = Release|Any CPU
		{5868242F-E50D-4342-B137-0F502BF68370}.Release|Any CPU.Build.0 = Release|Any CPU
	EndGlobalSection
	GlobalSection(SolutionProperties) = preSolution
		HideSolutionNode = FALSE
	EndGlobalSection
	GlobalSection(ExtensibilityGlobals) = postSolution
		SolutionGuid = {E55C85D3-BC5A-48A9-A92F-8172320CE6B1}
	EndGlobalSection
EndGlobal
